# This file is automatically @generated by Cargo.
# It is not intended for manual editing.
[[package]]
name = "ev3"
version = "0.4.0"
dependencies = [
 "ev3rt 0.4.0 (registry+https://github.com/rust-lang/crates.io-index)",
]

[[package]]
name = "ev3rt"
version = "0.4.0"
source = "registry+https://github.com/rust-lang/crates.io-index"

[metadata]
"checksum ev3rt 0.4.0 (registry+https://github.com/rust-lang/crates.io-index)" = "0091c035887fd8849e818523f1cf97240867f528742015b48458583c7a91c12e"
