# This file is automatically @generated by Cargo.
# It is not intended for manual editing.
[[package]]
name = "ev3"
version = "0.5.0"
dependencies = [
 "ev3rt 0.5.0 (registry+https://github.com/rust-lang/crates.io-index)",
]

[[package]]
name = "ev3rt"
version = "0.5.0"
source = "registry+https://github.com/rust-lang/crates.io-index"

[metadata]
"checksum ev3rt 0.5.0 (registry+https://github.com/rust-lang/crates.io-index)" = "cd6b3969dc01a463b2c359b85661aa4227897a1b6700f9f59a9b7640d9853b0e"
