# This file is automatically @generated by Cargo.
# It is not intended for manual editing.
[[package]]
name = "ev3"
version = "0.2.0"
dependencies = [
 "ev3rt 0.2.0 (registry+https://github.com/rust-lang/crates.io-index)",
]

[[package]]
name = "ev3rt"
version = "0.2.0"
source = "registry+https://github.com/rust-lang/crates.io-index"

[metadata]
"checksum ev3rt 0.2.0 (registry+https://github.com/rust-lang/crates.io-index)" = "626045ba68c7359ba40c819a3972696860d0c0b597ec38e9dbf282eed5987abf"
